
Microsoft Visual Studio Solution File, Format Version 12.00
# Visual Studio Version 16
VisualStudioVersion = 16.0.30114.105
MinimumVisualStudioVersion = 10.0.40219.1
Project("{9A19103F-16F7-4668-BE54-9A1E7A4F7556}") = "SampleSite", "SampleSite\SampleSite.csproj", "{22C05089-A14F-4F31-822B-93E8B55CD627}"
EndProject
Global
	GlobalSection(SolutionConfigurationPlatforms) = preSolution
		Debug|Any CPU = Debug|Any CPU
		Release|Any CPU = Release|Any CPU
	EndGlobalSection
	GlobalSection(ProjectConfigurationPlatforms) = postSolution
		{22C05089-A14F-4F31-822B-93E8B55CD627}.Debug|Any CPU.ActiveCfg = Debug|Any CPU
		{22C05089-A14F-4F31-822B-93E8B55CD627}.Debug|Any CPU.Build.0 = Debug|Any CPU
		{22C05089-A14F-4F31-822B-93E8B55CD627}.Release|Any CPU.ActiveCfg = Release|Any CPU
		{22C05089-A14F-4F31-822B-93E8B55CD627}.Release|Any CPU.Build.0 = Release|Any CPU
	EndGlobalSection
	GlobalSection(SolutionProperties) = preSolution
		HideSolutionNode = FALSE
	EndGlobalSection
	GlobalSection(ExtensibilityGlobals) = postSolution
		SolutionGuid = {80960198-5111-498A-B093-A1CB85BA6DB2}
	EndGlobalSection
EndGlobal
